
Microsoft Visual Studio Solution File, Format Version 12.00
# Visual Studio Version 17
VisualStudioVersion = 17.4.33213.308
MinimumVisualStudioVersion = 10.0.40219.1
Project("{9A19103F-16F7-4668-BE54-9A1E7A4F7556}") = "WorkLog", "WorkLog.csproj", "{2791811D-F33C-4EA9-BEE1-02C41E437369}"
EndProject
Global
	GlobalSection(SolutionConfigurationPlatforms) = preSolution
		Debug|Any CPU = Debug|Any CPU
		Release|Any CPU = Release|Any CPU
	EndGlobalSection
	GlobalSection(ProjectConfigurationPlatforms) = postSolution
		{2791811D-F33C-4EA9-BEE1-02C41E437369}.Debug|Any CPU.ActiveCfg = Debug|Any CPU
		{2791811D-F33C-4EA9-BEE1-02C41E437369}.Debug|Any CPU.Build.0 = Debug|Any CPU
		{2791811D-F33C-4EA9-BEE1-02C41E437369}.Release|Any CPU.ActiveCfg = Release|Any CPU
		{2791811D-F33C-4EA9-BEE1-02C41E437369}.Release|Any CPU.Build.0 = Release|Any CPU
	EndGlobalSection
	GlobalSection(SolutionProperties) = preSolution
		HideSolutionNode = FALSE
	EndGlobalSection
	GlobalSection(ExtensibilityGlobals) = postSolution
		SolutionGuid = {4CBFD000-E66B-4BB6-B2E4-0447689DC7CD}
	EndGlobalSection
EndGlobal
